# This file is automatically @generated by Poetry 2.2.0 and should not be changed by hand.

[[package]]
name = "behave"
version = "1.3.3"
description = "behave is behaviour-driven development, Python style"
optional = false
python-versions = "!=3.0.*,!=3.1.*,!=3.2.*,>=2.7"
groups = ["main"]
files = [
    {file = "behave-1.3.3-py2.py3-none-any.whl", hash = "sha256:89bdb62af8fb9f147ce245736a5de69f025e5edfb66f1fbe16c5007493f842c0"},
    {file = "behave-1.3.3.tar.gz", hash = "sha256:2b8f4b64ed2ea756a5a2a73e23defc1c4631e9e724c499e46661778453ebaf51"},
]

[package.dependencies]
colorama = ">=0.3.7"
cucumber-expressions = {version = ">=17.1.0", markers = "python_version >= \"3.8\""}
cucumber-tag-expressions = ">=4.1.0"
parse = ">=1.18.0"
parse-type = ">=0.6.0"
six = ">=1.15.0"
tomli = {version = ">=1.1.0", markers = "python_version >= \"3.0\" and python_version < \"3.11\""}

[package.extras]
develop = ["PyHamcrest (<2.0) ; python_version < \"3.0\"", "PyHamcrest (>=2.0.2) ; python_version >= \"3.0\"", "build (>=0.5.1)", "coverage (>=5.0)", "invoke (>=1.7.0) ; python_version >= \"3.6\"", "invoke (>=1.7.0,<2.0) ; python_version < \"3.6\"", "mock (<4.0) ; python_version < \"3.6\"", "mock (>=4.0) ; python_version >= \"3.6\"", "modernize (>=0.5)", "path (>=13.1.0) ; python_version >= \"3.5\"", "path.py (>=11.5.0) ; python_version < \"3.5\"", "pycmd", "pylint", "pytest (>=4.2,<5.0) ; python_version < \"3.0\"", "pytest (>=5.0) ; python_version >= \"3.0\"", "pytest-cov", "pytest-html (>=1.19.0,<2.0) ; python_version < \"3.0\"", "pytest-html (>=2.0) ; python_version >= \"3.0\"", "ruff ; python_version >= \"3.7\"", "tox (>=3.28.0,<4.0)", "twine (>=1.13.0)", "virtualenv (<20.22.0) ; python_version < \"3.7\"", "virtualenv (>=20.26.6) ; python_version >= \"3.7\""]
docs = ["furo (>=2024.04.27) ; python_version >= \"3.8\"", "sphinx (>=1.6,<4.4) ; python_version < \"3.7\"", "sphinx (>=7.4.0) ; python_version >= \"3.7\"", "sphinx-copybutton (>=0.5.2) ; python_version >= \"3.7\"", "sphinxcontrib-applehelp (>=1.0.8) ; python_version >= \"3.7\"", "sphinxcontrib-htmlhelp (>=2.0.5) ; python_version >= \"3.7\""]
formatters = ["behave-html-formatter (>=0.9.10) ; python_version >= \"3.6\"", "behave-html-pretty-formatter (>=1.9.1) ; python_version >= \"3.6\""]
testing = ["PyHamcrest (<2.0) ; python_version < \"3.0\"", "PyHamcrest (>=2.0.2) ; python_version >= \"3.0\"", "assertpy (>=1.1)", "chardet", "freezegun (>=1.5.1) ; python_version > \"3.7\"", "mock (<4.0) ; python_version < \"3.6\"", "mock (>=4.0) ; python_version >= \"3.6\"", "path (>=13.1.0) ; python_version >= \"3.5\"", "path.py (>=11.5.0,<13.0) ; python_version < \"3.5\"", "pytest (<5.0) ; python_version < \"3.0\"", "pytest (>=5.0) ; python_version >= \"3.0\"", "pytest-html (>=1.19.0,<2.0) ; python_version < \"3.0\"", "pytest-html (>=2.0) ; python_version >= \"3.0\""]

[[package]]
name = "colorama"
version = "0.4.6"
description = "Cross-platform colored terminal text."
optional = false
python-versions = "!=3.0.*,!=3.1.*,!=3.2.*,!=3.3.*,!=3.4.*,!=3.5.*,!=3.6.*,>=2.7"
groups = ["main"]
files = [
    {file = "colorama-0.4.6-py2.py3-none-any.whl", hash = "sha256:4f1d9991f5acc0ca119f9d443620b77f9d6b33703e51011c16baf57afb285fc6"},
    {file = "colorama-0.4.6.tar.gz", hash = "sha256:08695f5cb7ed6e0531a20572697297273c47b8cae5a63ffc6d6ed5c201be6e44"},
]

[[package]]
name = "cucumber-expressions"
version = "20.0.0"
description = "Cucumber Expressions - a simpler alternative to Regular Expressions"
optional = false
python-versions = ">=3.10"
groups = ["main"]
files = [
    {file = "cucumber_expressions-20.0.0-py3-none-any.whl", hash = "sha256:8a0434529efd7ca6e2052934ec8d677c7e24edc0fad3b1d1b1bc4bbca5e521f3"},
    {file = "cucumber_expressions-20.0.0.tar.gz", hash = "sha256:5cbd4012c66584aa82ada990a6e7cb131274796e132e905d27d95ae9a2ca0f48"},
]

[[package]]
name = "cucumber-tag-expressions"
version = "10.0.0"
description = "Provides a tag-expression parser and evaluation logic for cucumber/behave"
optional = false
python-versions = ">=3.10"
groups = ["main"]
files = [
    {file = "cucumber_tag_expressions-10.0.0-py3-none-any.whl", hash = "sha256:496f4a834e4e7ef9c1ae3f6f9c22f237a32f1916f96c32d8b8f900865f988f81"},
    {file = "cucumber_tag_expressions-10.0.0.tar.gz", hash = "sha256:b3ca4163660b247760031f88797ecde2c5384aac85f9d5908cb4750eddde89b7"},
]

[[package]]
name = "parse"
version = "1.22.1"
description = "parse() is the opposite of format()"
optional = false
python-versions = "*"
groups = ["main"]
files = [
    {file = "parse-1.22.1-py2.py3-none-any.whl", hash = "sha256:20f0925a46f06602485ac90d751764d0697fd8455aaa97489ba8953a4b66de32"},
    {file = "parse-1.22.1.tar.gz", hash = "sha256:d3a4740ec3da338e2b258b2d69741b731eadfddca59e24a14bc4ee5fce38c911"},
]

[[package]]
name = "parse-type"
version = "0.6.6"
description = "Simplifies to build parse types based on the parse module"
optional = false
python-versions = "!=3.0.*,!=3.1.*,>=2.7"
groups = ["main"]
files = [
    {file = "parse_type-0.6.6-py2.py3-none-any.whl", hash = "sha256:3ca79bbe71e170dfccc8ec6c341edfd1c2a0fc1e5cfd18330f93af938de2348c"},
    {file = "parse_type-0.6.6.tar.gz", hash = "sha256:513a3784104839770d690e04339a8b4d33439fcd5dd99f2e4580f9fc1097bfb2"},
]

[package.dependencies]
parse = {version = ">=1.18.0", markers = "python_version >= \"3.0\""}
six = ">=1.15"

[package.extras]
develop = ["build (>=0.5.1)", "coverage (>=4.4)", "pylint", "pytest (<5.0) ; python_version < \"3.0\"", "pytest (>=5.0) ; python_version >= \"3.0\"", "pytest-cov", "pytest-html (>=1.19.0)", "ruff ; python_version >= \"3.7\"", "setuptools", "setuptools-scm", "tox (>=2.8,<4.0)", "twine (>=1.13.0)", "virtualenv (<20.22.0) ; python_version <= \"3.6\"", "virtualenv (>=20.0.0) ; python_version > \"3.6\"", "wheel"]
docs = ["Sphinx (>=1.6)", "sphinx_bootstrap_theme (>=0.6.0)"]
testing = ["pytest (<5.0) ; python_version < \"3.0\"", "pytest (>=5.0) ; python_version >= \"3.0\"", "pytest-html (>=1.19.0)"]

[[package]]
name = "pydantic"
version = "1.10.26"
description = "Data validation and settings management using python type hints"
optional = false
python-versions = ">=3.7"
groups = ["main"]
files = [
    {file = "pydantic-1.10.26-cp310-cp310-macosx_10_9_x86_64.whl", hash = "sha256:f7ae36fa0ecef8d39884120f212e16c06bb096a38f523421278e2f39c1784546"},
    {file = "pydantic-1.10.26-cp310-cp310-macosx_11_0_arm64.whl", hash = "sha256:d95a76cf503f0f72ed7812a91de948440b2bf564269975738a4751e4fadeb572"},
    {file = "pydantic-1.10.26-cp310-cp310-manylinux2014_x86_64.manylinux_2_17_x86_64.whl", hash = "sha256:a943ce8e00ad708ed06a1d9df5b4fd28f5635a003b82a4908ece6f24c0b18464"},
    {file = "pydantic-1.10.26-cp310-cp310-musllinux_1_2_x86_64.whl", hash = "sha256:465ad8edb29b15c10b779b16431fe8e77c380098badf6db367b7a1d3e572cf53"},
    {file = "pydantic-1.10.26-cp310-cp310-win_amd64.whl", hash = "sha256:80e6be6272839c8a7641d26ad569ab77772809dd78f91d0068dc0fc97f071945"},
    {file = "pydantic-1.10.26-cp311-cp311-macosx_10_9_x86_64.whl", hash = "sha256:116233e53889bcc536f617e38c1b8337d7fa9c280f0fd7a4045947515a785637"},
    {file = "pydantic-1.10.26-cp311-cp311-macosx_11_0_arm64.whl", hash = "sha256:c3cfdd361addb6eb64ccd26ac356ad6514cee06a61ab26b27e16b5ed53108f77"},
    {file = "pydantic-1.10.26-cp311-cp311-manylinux2014_x86_64.manylinux_2_17_x86_64.whl", hash = "sha256:0e4451951a9a93bf9a90576f3e25240b47ee49ab5236adccb8eff6ac943adf0f"},
    {file = "pydantic-1.10.26-cp311-cp311-musllinux_1_2_x86_64.whl", hash = "sha256:9858ed44c6bea5f29ffe95308db9e62060791c877766c67dd5f55d072c8612b5"},
    {file = "pydantic-1.10.26-cp311-cp311-win_amd64.whl", hash = "sha256:ac1089f723e2106ebde434377d31239e00870a7563245072968e5af5cc4d33df"},
    {file = "pydantic-1.10.26-cp312-cp312-macosx_10_13_x86_64.whl", hash = "sha256:468d5b9cacfcaadc76ed0a4645354ab6f263ec01a63fb6d05630ea1df6ae453f"},
    {file = "pydantic-1.10.26-cp312-cp312-macosx_11_0_arm64.whl", hash = "sha256:2c1b0b914be31671000ca25cf7ea17fcaaa68cfeadf6924529c5c5aa24b7ab1f"},
    {file = "pydantic-1.10.26-cp312-cp312-manylinux2014_x86_64.manylinux_2_17_x86_64.whl", hash = "sha256:15b13b9f8ba8867095769e1156e0d7fbafa1f65b898dd40fd1c02e34430973cb"},
    {file = "pydantic-1.10.26-cp312-cp312-musllinux_1_2_x86_64.whl", hash = "sha256:ad7025ca324ae263d4313998e25078dcaec5f9ed0392c06dedb57e053cc8086b"},
    {file = "pydantic-1.10.26-cp312-cp312-win_amd64.whl", hash = "sha256:4482b299874dabb88a6c3759e3d85c6557c407c3b586891f7d808d8a38b66b9c"},
    {file = "pydantic-1.10.26-cp313-cp313-macosx_10_13_x86_64.whl", hash = "sha256:1ae7913bb40a96c87e3d3f6fe4e918ef53bf181583de4e71824360a9b11aef1c"},
    {file = "pydantic-1.10.26-cp313-cp313-macosx_11_0_arm64.whl", hash = "sha256:8154c13f58d4de5d3a856bb6c909c7370f41fb876a5952a503af6b975265f4ba"},
    {file = "pydantic-1.10.26-cp313-cp313-manylinux2014_x86_64.manylinux_2_17_x86_64.whl", hash = "sha256:f8af0507bf6118b054a9765fb2e402f18a8b70c964f420d95b525eb711122d62"},
    {file = "pydantic-1.10.26-cp313-cp313-musllinux_1_2_x86_64.whl", hash = "sha256:dcb5a7318fb43189fde6af6f21ac7149c4bcbcfffc54bc87b5becddc46084847"},
    {file = "pydantic-1.10.26-cp313-cp313-win_amd64.whl", hash = "sha256:71cde228bc0600cf8619f0ee62db050d1880dcc477eba0e90b23011b4ee0f314"},
    {file = "pydantic-1.10.26-cp314-cp314-macosx_10_15_x86_64.whl", hash = "sha256:6b40730cc81d53d515dc0b8bb5c9b43fadb9bed46de4a3c03bd95e8571616dba"},
    {file = "pydantic-1.10.26-cp314-cp314-macosx_11_0_arm64.whl", hash = "sha256:c3bbb9c0eecdf599e4db9b372fa9cc55be12e80a0d9c6d307950a39050cb0e37"},
    {file = "pydantic-1.10.26-cp314-cp314-manylinux2014_x86_64.manylinux_2_17_x86_64.whl", hash = "sha256:cc2e3fe7bc4993626ef6b6fa855defafa1d6f8996aa1caef2deb83c5ac4d043a"},
    {file = "pydantic-1.10.26-cp314-cp314-musllinux_1_2_x86_64.whl", hash = "sha256:36d9e46b588aaeb1dcd2409fa4c467fe0b331f3cc9f227b03a7a00643704e962"},
    {file = "pydantic-1.10.26-cp314-cp314-win_amd64.whl", hash = "sha256:81ce3c8616d12a7be31b4aadfd3434f78f6b44b75adbfaec2fe1ad4f7f999b8c"},
    {file = "pydantic-1.10.26-cp38-cp38-macosx_10_9_x86_64.whl", hash = "sha256:bc5c91a3b3106caf07ac6735ec6efad8ba37b860b9eb569923386debe65039ad"},
    {file = "pydantic-1.10.26-cp38-cp38-macosx_11_0_arm64.whl", hash = "sha256:dde599e0388e04778480d57f49355c9cc7916de818bf674de5d5429f2feebfb6"},
    {file = "pydantic-1.10.26-cp38-cp38-manylinux2014_x86_64.manylinux_2_17_x86_64.whl", hash = "sha256:8be08b5cfe88e58198722861c7aab737c978423c3a27300911767931e5311d0d"},
    {file = "pydantic-1.10.26-cp38-cp38-musllinux_1_2_x86_64.whl", hash = "sha256:0141f4bafe5eda539d98c9755128a9ea933654c6ca4306b5059fc87a01a38573"},
    {file = "pydantic-1.10.26-cp38-cp38-win_amd64.whl", hash = "sha256:eb664305ffca8a9766a8629303bb596607d77eae35bb5f32ff9245984881b638"},
    {file = "pydantic-1.10.26-cp39-cp39-macosx_10_9_x86_64.whl", hash = "sha256:502b9d30d18a2dfaf81b7302f6ba0e5853474b1c96212449eb4db912cb604b7d"},
    {file = "pydantic-1.10.26-cp39-cp39-macosx_11_0_arm64.whl", hash = "sha256:0d8f6087bf697dec3bf7ffcd7fe8362674f16519f3151789f33cbe8f1d19fc15"},
    {file = "pydantic-1.10.26-cp39-cp39-manylinux2014_x86_64.manylinux_2_17_x86_64.whl", hash = "sha256:dd40a99c358419910c85e6f5d22f9c56684c25b5e7abc40879b3b4a52f34ae90"},
    {file = "pydantic-1.10.26-cp39-cp39-musllinux_1_2_x86_64.whl", hash = "sha256:ce3293b86ca9f4125df02ff0a70be91bc7946522467cbd98e7f1493f340616ba"},
    {file = "pydantic-1.10.26-cp39-cp39-win_amd64.whl", hash = "sha256:1a4e3062b71ab1d5df339ba12c48f9ed5817c5de6cb92a961dd5c64bb32e7b96"},
    {file = "pydantic-1.10.26-py3-none-any.whl", hash = "sha256:c43ad70dc3ce7787543d563792426a16fd7895e14be4b194b5665e36459dd917"},
    {file = "pydantic-1.10.26.tar.gz", hash = "sha256:8c6aa39b494c5af092e690127c283d84f363ac36017106a9e66cb33a22ac412e"},
]

[package.dependencies]
typing-extensions = ">=4.2.0"

[package.extras]
dotenv = ["python-dotenv (>=0.10.4)"]
email = ["email-validator (>=1.0.3)"]

[[package]]
name = "six"
version = "1.17.0"
description = "Python 2 and 3 compatibility utilities"
optional = false
python-versions = "!=3.0.*,!=3.1.*,!=3.2.*,>=2.7"
groups = ["main"]
files = [
    {file = "six-1.17.0-py2.py3-none-any.whl", hash = "sha256:4721f391ed90541fddacab5acf947aa0d3dc7d27b2e1e8eda2be8970586c3274"},
    {file = "six-1.17.0.tar.gz", hash = "sha256:ff70335d468e7eb6ec65b95b99d3a2836546063f63acc5171de367e834932a81"},
]

[[package]]
name = "tomli"
version = "2.4.1"
description = "A lil' TOML parser"
optional = false
python-versions = ">=3.8"
groups = ["main"]
markers = "python_version == \"3.10\""
files = [
    {file = "tomli-2.4.1-cp311-cp311-macosx_10_9_x86_64.whl", hash = "sha256:f8f0fc26ec2cc2b965b7a3b87cd19c5c6b8c5e5f436b984e85f486d652285c30"},
    {file = "tomli-2.4.1-cp311-cp311-macosx_11_0_arm64.whl", hash = "sha256:4ab97e64ccda8756376892c53a72bd1f964e519c77236368527f758fbc36a53a"},
    {file = "tomli-2.4.1-cp311-cp311-manylinux2014_aarch64.manylinux_2_17_aarch64.manylinux_2_28_aarch64.whl", hash = "sha256:96481a5786729fd470164b47cdb3e0e58062a496f455ee41b4403be77cb5a076"},
    {file = "tomli-2.4.1-cp311-cp311-manylinux2014_x86_64.manylinux_2_17_x86_64.manylinux_2_28_x86_64.whl", hash = "sha256:5a881ab208c0baf688221f8cecc5401bd291d67e38a1ac884d6736cbcd8247e9"},
    {file = "tomli-2.4.1-cp311-cp311-musllinux_1_2_aarch64.whl", hash = "sha256:47149d5bd38761ac8be13a84864bf0b7b70bc051806bc3669ab1cbc56216b23c"},
    {file = "tomli-2.4.1-cp311-cp311-musllinux_1_2_x86_64.whl", hash = "sha256:ec9bfaf3ad2df51ace80688143a6a4ebc09a248f6ff781a9945e51937008fcbc"},
    {file = "tomli-2.4.1-cp311-cp311-win32.whl", hash = "sha256:ff2983983d34813c1aeb0fa89091e76c3a22889ee83ab27c5eeb45100560c049"},
    {file = "tomli-2.4.1-cp311-cp311-win_amd64.whl", hash = "sha256:5ee18d9ebdb417e384b58fe414e8d6af9f4e7a0ae761519fb50f721de398dd4e"},
    {file = "tomli-2.4.1-cp311-cp311-win_arm64.whl", hash = "sha256:c2541745709bad0264b7d4705ad453b76ccd191e64aa6f0fc66b69a293a45ece"},
    {file = "tomli-2.4.1-cp312-cp312-macosx_10_13_x86_64.whl", hash = "sha256:c742f741d58a28940ce01d58f0ab2ea3ced8b12402f162f4d534dfe18ba1cd6a"},
    {file = "tomli-2.4.1-cp312-cp312-macosx_11_0_arm64.whl", hash = "sha256:7f86fd587c4ed9dd76f318225e7d9b29cfc5a9d43de44e5754db8d1128487085"},
    {file = "tomli-2.4.1-cp312-cp312-manylinux2014_aarch64.manylinux_2_17_aarch64.manylinux_2_28_aarch64.whl", hash = "sha256:ff18e6a727ee0ab0388507b89d1bc6a22b138d1e2fa56d1ad494586d61d2eae9"},
    {file = "tomli-2.4.1-cp312-cp312-manylinux2014_x86_64.manylinux_2_17_x86_64.manylinux_2_28_x86_64.whl", hash = "sha256:136443dbd7e1dee43c68ac2694fde36b2849865fa258d39bf822c10e8068eac5"},
    {file = "tomli-2.4.1-cp312-cp312-musllinux_1_2_aarch64.whl", hash = "sha256:5e262d41726bc187e69af7825504c933b6794dc3fbd5945e41a79bb14c31f585"},
    {file = "tomli-2.4.1-cp312-cp312-musllinux_1_2_x86_64.whl", hash = "sha256:5cb41aa38891e073ee49d55fbc7839cfdb2bc0e600add13874d048c94aadddd1"},
    {file = "tomli-2.4.1-cp312-cp312-win32.whl", hash = "sha256:da25dc3563bff5965356133435b757a795a17b17d01dbc0f42fb32447ddfd917"},
    {file = "tomli-2.4.1-cp312-cp312-win_amd64.whl", hash = "sha256:52c8ef851d9a240f11a88c003eacb03c31fc1c9c4ec64a99a0f922b93874fda9"},
    {file = "tomli-2.4.1-cp312-cp312-win_arm64.whl", hash = "sha256:f758f1b9299d059cc3f6546ae2af89670cb1c4d48ea29c3cacc4fe7de3058257"},
    {file = "tomli-2.4.1-cp313-cp313-macosx_10_13_x86_64.whl", hash = "sha256:36d2bd2ad5fb9eaddba5226aa02c8ec3fa4f192631e347b3ed28186d43be6b54"},
    {file = "tomli-2.4.1-cp313-cp313-macosx_11_0_arm64.whl", hash = "sha256:eb0dc4e38e6a1fd579e5d50369aa2e10acfc9cace504579b2faabb478e76941a"},
    {file = "tomli-2.4.1-cp313-cp313-manylinux2014_aarch64.manylinux_2_17_aarch64.manylinux_2_28_aarch64.whl", hash = "sha256:c7f2c7f2b9ca6bdeef8f0fa897f8e05085923eb091721675170254cbc5b02897"},
    {file = "tomli-2.4.1-cp313-cp313-manylinux2014_x86_64.manylinux_2_17_x86_64.manylinux_2_28_x86_64.whl", hash = "sha256:f3c6818a1a86dd6dca7ddcaaf76947d5ba31aecc28cb1b67009a5877c9a64f3f"},
    {file = "tomli-2.4.1-cp313-cp313-musllinux_1_2_aarch64.whl", hash = "sha256:d312ef37c91508b0ab2cee7da26ec0b3ed2f03ce12bd87a588d771ae15dcf82d"},
    {file = "tomli-2.4.1-cp313-cp313-musllinux_1_2_x86_64.whl", hash = "sha256:51529d40e3ca50046d7606fa99ce3956a617f9b36380da3b7f0dd3dd28e68cb5"},
    {file = "tomli-2.4.1-cp313-cp313-win32.whl", hash = "sha256:2190f2e9dd7508d2a90ded5ed369255980a1bcdd58e52f7fe24b8162bf9fedbd"},
    {file = "tomli-2.4.1-cp313-cp313-win_amd64.whl", hash = "sha256:8d65a2fbf9d2f8352685bc1364177ee3923d6baf5e7f43ea4959d7d8bc326a36"},
    {file = "tomli-2.4.1-cp313-cp313-win_arm64.whl", hash = "sha256:4b605484e43cdc43f0954ddae319fb75f04cc10dd80d830540060ee7cd0243cd"},
    {file = "tomli-2.4.1-cp314-cp314-macosx_10_15_x86_64.whl", hash = "sha256:fd0409a3653af6c147209d267a0e4243f0ae46b011aa978b1080359fddc9b6cf"},
    {file = "tomli-2.4.1-cp314-cp314-macosx_11_0_arm64.whl", hash = "sha256:a120733b01c45e9a0c34aeef92bf0cf1d56cfe81ed9d47d562f9ed591a9828ac"},
    {file = "tomli-2.4.1-cp314-cp314-manylinux2014_aarch64.manylinux_2_17_aarch64.manylinux_2_28_aarch64.whl", hash = "sha256:559db847dc486944896521f68d8190be1c9e719fced785720d2216fe7022b662"},
    {file = "tomli-2.4.1-cp314-cp314-manylinux2014_x86_64.manylinux_2_17_x86_64.manylinux_2_28_x86_64.whl", hash = "sha256:01f520d4f53ef97964a240a035ec2a869fe1a37dde002b57ebc4417a27ccd853"},
    {file = "tomli-2.4.1-cp314-cp314-musllinux_1_2_aarch64.whl", hash = "sha256:7f94b27a62cfad8496c8d2513e1a222dd446f095fca8987fceef261225538a15"},
    {file = "tomli-2.4.1-cp314-cp314-musllinux_1_2_x86_64.whl", hash = "sha256:ede3e6487c5ef5d28634ba3f31f989030ad6af71edfb0055cbbd14189ff240ba"},
    {file = "tomli-2.4.1-cp314-cp314-win32.whl", hash = "sha256:3d48a93ee1c9b79c04bb38772ee1b64dcf18ff43085896ea460ca8dec96f35f6"},
    {file = "tomli-2.4.1-cp314-cp314-win_amd64.whl", hash = "sha256:88dceee75c2c63af144e456745e10101eb67361050196b0b6af5d717254dddf7"},
    {file = "tomli-2.4.1-cp314-cp314-win_arm64.whl", hash = "sha256:b8c198f8c1805dc42708689ed6864951fd2494f924149d3e4bce7710f8eb5232"},
    {file = "tomli-2.4.1-cp314-cp314t-macosx_10_15_x86_64.whl", hash = "sha256:d4d8fe59808a54658fcc0160ecfb1b30f9089906c50b23bcb4c69eddc19ec2b4"},
    {file = "tomli-2.4.1-cp314-cp314t-macosx_11_0_arm64.whl", hash = "sha256:7008df2e7655c495dd12d2a4ad038ff878d4ca4b81fccaf82b714e07eae4402c"},
    {file = "tomli-2.4.1-cp314-cp314t-manylinux2014_aarch64.manylinux_2_17_aarch64.manylinux_2_28_aarch64.whl", hash = "sha256:1d8591993e228b0c930c4bb0db464bdad97b3289fb981255d6c9a41aedc84b2d"},
    {file = "tomli-2.4.1-cp314-cp314t-manylinux2014_x86_64.manylinux_2_17_x86_64.manylinux_2_28_x86_64.whl", hash = "sha256:734e20b57ba95624ecf1841e72b53f6e186355e216e5412de414e3c51e5e3c41"},
    {file = "tomli-2.4.1-cp314-cp314t-musllinux_1_2_aarch64.whl", hash = "sha256:8a650c2dbafa08d42e51ba0b62740dae4ecb9338eefa093aa5c78ceb546fcd5c"},
    {file = "tomli-2.4.1-cp314-cp314t-musllinux_1_2_x86_64.whl", hash = "sha256:504aa796fe0569bb43171066009ead363de03675276d2d121ac1a4572397870f"},
    {file = "tomli-2.4.1-cp314-cp314t-win32.whl", hash = "sha256:b1d22e6e9387bf4739fbe23bfa80e93f6b0373a7f1b96c6227c32bef95a4d7a8"},
    {file = "tomli-2.4.1-cp314-cp314t-win_amd64.whl", hash = "sha256:2c1c351919aca02858f740c6d33adea0c5deea37f9ecca1cc1ef9e884a619d26"},
    {file = "tomli-2.4.1-cp314-cp314t-win_arm64.whl", hash = "sha256:eab21f45c7f66c13f2a9e0e1535309cee140182a9cdae1e041d02e47291e8396"},
    {file = "tomli-2.4.1-py3-none-any.whl", hash = "sha256:0d85819802132122da43cb86656f8d1f8c6587d54ae7dcaf30e90533028b49fe"},
    {file = "tomli-2.4.1.tar.gz", hash = "sha256:7c7e1a961a0b2f2472c1ac5b69affa0ae1132c39adcb67aba98568702b9cc23f"},
]

[[package]]
name = "typing-extensions"
version = "4.16.0"
description = "Backported and Experimental Type Hints for Python 3.9+"
optional = false
python-versions = ">=3.9"
groups = ["main"]
files = [
    {file = "typing_extensions-4.16.0-py3-none-any.whl", hash = "sha256:481caa481374e813c1b176ada14e97f1f67a4539ce9cfeb3f350d78d6370c2e8"},
    {file = "typing_extensions-4.16.0.tar.gz", hash = "sha256:dc983d19a509c94dba722ee6abd33940f7c05a89e243c47e907eb4db6f1a43e5"},
]

[metadata]
lock-version = "2.1"
python-versions = ">=3.10,<4.0"
content-hash = "a5d3b7472b34938e74cb0ee51e915e5d052981a904d4570c3f5c89e48a98d548"
